// !$*UTF8*$!
{
	archiveVersion = 1;
	classes = {
	};
	objectVersion = 50;
	objects = {

/* Begin PBXBuildFile section */
		AD3A832F2516731C00566CAA /* AppDelegate.m in Sources */ = {isa = PBXBuildFile; fileRef = AD3A832E2516731C00566CAA /* AppDelegate.m */; };
		AD3A83322516731C00566CAA /* SceneDelegate.m in Sources */ = {isa = PBXBuildFile; fileRef = AD3A83312516731C00566CAA /* SceneDelegate.m */; };
		AD3A83352516731C00566CAA /* ViewController.m in Sources */ = {isa = PBXBuildFile; fileRef = AD3A83342516731C00566CAA /* ViewController.m */; };
		AD3A83382516731C00566CAA /* Main.storyboard in Resources */ = {isa = PBXBuildFile; fileRef = AD3A83362516731C00566CAA /* Main.storyboard */; };
		AD3A833A2516731F00566CAA /* Assets.xcassets in Resources */ = {isa = PBXBuildFile; fileRef = AD3A83392516731F00566CAA /* Assets.xcassets */; };
		AD3A833D2516731F00566CAA /* LaunchScreen.storyboard in Resources */ = {isa = PBXBuildFile; fileRef = AD3A833B2516731F00566CAA /* LaunchScreen.storyboard */; };
		AD3A83402516731F00566CAA /* main.m in Sources */ = {isa = PBXBuildFile; fileRef = AD3A833F2516731F00566CAA /* main.m */; };
/* End PBXBuildFile section */

/* Begin PBXFileReference section */
		AD3A832A2516731C00566CAA /* structcrashverify.app */ = {isa = PBXFileReference; explicitFileType = wrapper.application; includeInIndex = 0; path = structcrashverify.app; sourceTree = BUILT_PRODUCTS_DIR; };
		AD3A832D2516731C00566CAA /* AppDelegate.h */ = {isa = PBXFileReference; lastKnownFileType = sourcecode.c.h; path = AppDelegate.h; sourceTree = "<group>"; };
		AD3A832E2516731C00566CAA /* AppDelegate.m */ = {isa = PBXFileReference; lastKnownFileType = sourcecode.c.objc; path = AppDelegate.m; sourceTree = "<group>"; };
		AD3A83302516731C00566CAA /* SceneDelegate.h */ = {isa = PBXFileReference; lastKnownFileType = sourcecode.c.h; path = SceneDelegate.h; sourceTree = "<group>"; };
		AD3A83312516731C00566CAA /* SceneDelegate.m */ = {isa = PBXFileReference; lastKnownFileType = sourcecode.c.objc; path = SceneDelegate.m; sourceTree = "<group>"; };
		AD3A83332516731C00566CAA /* ViewController.h */ = {isa = PBXFileReference; lastKnownFileType = sourcecode.c.h; path = ViewController.h; sourceTree = "<group>"; };
		AD3A83342516731C00566CAA /* ViewController.m */ = {isa = PBXFileReference; lastKnownFileType = sourcecode.c.objc; path = ViewController.m; sourceTree = "<group>"; };
		AD3A83372516731C00566CAA /* Base */ = {isa = PBXFileReference; lastKnownFileType = file.storyboard; name = Base; path = Base.lproj/Main.storyboard; sourceTree = "<group>"; };
		AD3A83392516731F00566CAA /* Assets.xcassets */ = {isa = PBXFileReference; lastKnownFileType = folder.assetcatalog; path = Assets.xcassets; sourceTree = "<group>"; };
		AD3A833C2516731F00566CAA /* Base */ = {isa = PBXFileReference; lastKnownFileType = file.storyboard; name = Base; path = Base.lproj/LaunchScreen.storyboard; sourceTree = "<group>"; };
		AD3A833E2516731F00566CAA /* Info.plist */ = {isa = PBXFileReference; lastKnownFileType = text.plist.xml; path = Info.plist; sourceTree = "<group>"; };
		AD3A833F2516731F00566CAA /* main.m */ = {isa = PBXFileReference; lastKnownFileType = sourcecode.c.objc; path = main.m; sourceTree = "<group>"; };
/* End PBXFileReference section */

/* Begin PBXFrameworksBuildPhase section */
		AD3A83272516731C00566CAA /* Frameworks */ = {
			isa = PBXFrameworksBuildPhase;
			buildActionMask = 2147483647;
			files = (
			);
			runOnlyForDeploymentPostprocessing = 0;
		};
/* End PBXFrameworksBuildPhase section */

/* Begin PBXGroup section */
		AD3A83212516731C00566CAA = {
			isa = PBXGroup;
			children = (
				AD3A832C2516731C00566CAA /* structcrashverify */,
				AD3A832B2516731C00566CAA /* Products */,
			);
			sourceTree = "<group>";
		};
		AD3A832B2516731C00566CAA /* Products */ = {
			isa = PBXGroup;
			children = (
				AD3A832A2516731C00566CAA /* structcrashverify.app */,
			);
			name = Products;
			sourceTree = "<group>";
		};
		AD3A832C2516731C00566CAA /* structcrashverify */ = {
			isa = PBXGroup;
			children = (
				AD3A832D2516731C00566CAA /* AppDelegate.h */,
				AD3A832E2516731C00566CAA /* AppDelegate.m */,
				AD3A83302516731C00566CAA /* SceneDelegate.h */,
				AD3A83312516731C00566CAA /* SceneDelegate.m */,
				AD3A83332516731C00566CAA /* ViewController.h */,
				AD3A83342516731C00566CAA /* ViewController.m */,
				AD3A83362516731C00566CAA /* Main.storyboard */,
				AD3A83392516731F00566CAA /* Assets.xcassets */,
				AD3A833B2516731F00566CAA /* LaunchScreen.storyboard */,
				AD3A833E2516731F00566CAA /* Info.plist */,
				AD3A833F2516731F00566CAA /* main.m */,
			);
			path = structcrashverify;
			sourceTree = "<group>";
		};
/* End PBXGroup section */

/* Begin PBXNativeTarget section */
		AD3A83292516731C00566CAA /* structcrashverify */ = {
			isa = PBXNativeTarget;
			buildConfigurationList = AD3A83432516731F00566CAA /* Build configuration list for PBXNativeTarget "structcrashverify" */;
			buildPhases = (
				AD3A83262516731C00566CAA /* Sources */,
				AD3A83272516731C00566CAA /* Frameworks */,
				AD3A83282516731C00566CAA /* Resources */,
			);
			buildRules = (
			);
			dependencies = (
			);
			name = structcrashverify;
			productName = structcrashverify;
			productReference = AD3A832A2516731C00566CAA /* structcrashverify.app */;
			productType = "com.apple.product-type.application";
		};
/* End PBXNativeTarget section */

/* Begin PBXProject section */
		AD3A83222516731C00566CAA /* Project object */ = {
			isa = PBXProject;
			attributes = {
				LastUpgradeCheck = 1200;
				TargetAttributes = {
					AD3A83292516731C00566CAA = {
						CreatedOnToolsVersion = 12.0;
					};
				};
			};
			buildConfigurationList = AD3A83252516731C00566CAA /* Build configuration list for PBXProject "structcrashverify" */;
			compatibilityVersion = "Xcode 9.3";
			developmentRegion = en;
			hasScannedForEncodings = 0;
			knownRegions = (
				en,
				Base,
			);
			mainGroup = AD3A83212516731C00566CAA;
			productRefGroup = AD3A832B2516731C00566CAA /* Products */;
			projectDirPath = "";
			projectRoot = "";
			targets = (
				AD3A83292516731C00566CAA /* structcrashverify */,
			);
		};
/* End PBXProject section */

/* Begin PBXResourcesBuildPhase section */
		AD3A83282516731C00566CAA /* Resources */ = {
			isa = PBXResourcesBuildPhase;
			buildActionMask = 2147483647;
			files = (
				AD3A833D2516731F00566CAA /* LaunchScreen.storyboard in Resources */,
				AD3A833A2516731F00566CAA /* Assets.xcassets in Resources */,
				AD3A83382516731C00566CAA /* Main.storyboard in Resources */,
			);
			runOnlyForDeploymentPostprocessing = 0;
		};
/* End PBXResourcesBuildPhase section */

/* Begin PBXSourcesBuildPhase section */
		AD3A83262516731C00566CAA /* Sources */ = {
			isa = PBXSourcesBuildPhase;
			buildActionMask = 2147483647;
			files = (
				AD3A83352516731C00566CAA /* ViewController.m in Sources */,
				AD3A832F2516731C00566CAA /* AppDelegate.m in Sources */,
				AD3A83402516731F00566CAA /* main.m in Sources */,
				AD3A83322516731C00566CAA /* SceneDelegate.m in Sources */,
			);
			runOnlyForDeploymentPostprocessing = 0;
		};
/* End PBXSourcesBuildPhase section */

/* Begin PBXVariantGroup section */
		AD3A83362516731C00566CAA /* Main.storyboard */ = {
			isa = PBXVariantGroup;
			children = (
				AD3A83372516731C00566CAA /* Base */,
			);
			name = Main.storyboard;
			sourceTree = "<group>";
		};
		AD3A833B2516731F00566CAA /* LaunchScreen.storyboard */ = {
			isa = PBXVariantGroup;
			children = (
				AD3A833C2516731F00566CAA /* Base */,
			);
			name = LaunchScreen.storyboard;
			sourceTree = "<group>";
		};
/* End PBXVariantGroup section */

/* Begin XCBuildConfiguration section */
		AD3A83412516731F00566CAA /* Debug */ = {
			isa = XCBuildConfiguration;
			buildSettings = {
				ALWAYS_SEARCH_USER_PATHS = NO;
				CLANG_ANALYZER_NONNULL = YES;
				CLANG_ANALYZER_NUMBER_OBJECT_CONVERSION = YES_AGGRESSIVE;
				CLANG_CXX_LANGUAGE_STANDARD = "gnu++14";
				CLANG_CXX_LIBRARY = "libc++";
				CLANG_ENABLE_MODULES = YES;
				CLANG_ENABLE_OBJC_ARC = YES;
				CLANG_ENABLE_OBJC_WEAK = YES;
				CLANG_WARN_BLOCK_CAPTURE_AUTORELEASING = YES;
				CLANG_WARN_BOOL_CONVERSION = YES;
				CLANG_WARN_COMMA = YES;
				CLANG_WARN_CONSTANT_CONVERSION = YES;
				CLANG_WARN_DEPRECATED_OBJC_IMPLEMENTATIONS = YES;
				CLANG_WARN_DIRECT_OBJC_ISA_USAGE = YES_ERROR;
				CLANG_WARN_DOCUMENTATION_COMMENTS = YES;
				CLANG_WARN_EMPTY_BODY = YES;
				CLANG_WARN_ENUM_CONVERSION = YES;
				CLANG_WARN_INFINITE_RECURSION = YES;
				CLANG_WARN_INT_CONVERSION = YES;
				CLANG_WARN_NON_LITERAL_NULL_CONVERSION = YES;
				CLANG_WARN_OBJC_IMPLICIT_RETAIN_SELF = YES;
				CLANG_WARN_OBJC_LITERAL_CONVERSION = YES;
				CLANG_WARN_OBJC_ROOT_CLASS = YES_ERROR;
				CLANG_WARN_QUOTED_INCLUDE_IN_FRAMEWORK_HEADER = YES;
				CLANG_WARN_RANGE_LOOP_ANALYSIS = YES;
				CLANG_WARN_STRICT_PROTOTYPES = YES;
				CLANG_WARN_SUSPICIOUS_MOVE = YES;
				CLANG_WARN_UNGUARDED_AVAILABILITY = YES_AGGRESSIVE;
				CLANG_WARN_UNREACHABLE_CODE = YES;
				CLANG_WARN__DUPLICATE_METHOD_MATCH = YES;
				COPY_PHASE_STRIP = NO;
				DEBUG_INFORMATION_FORMAT = dwarf;
				ENABLE_STRICT_OBJC_MSGSEND = YES;
				ENABLE_TESTABILITY = YES;
				GCC_C_LANGUAGE_STANDARD = gnu11;
				GCC_DYNAMIC_NO_PIC = NO;
				GCC_NO_COMMON_BLOCKS = YES;
				GCC_OPTIMIZATION_LEVEL = 0;
				GCC_PREPROCESSOR_DEFINITIONS = (
					"DEBUG=1",
					"$(inherited)",
				);
				GCC_WARN_64_TO_32_BIT_CONVERSION = YES;
				GCC_WARN_ABOUT_RETURN_TYPE = YES_ERROR;
				GCC_WARN_UNDECLARED_SELECTOR = YES;
				GCC_WARN_UNINITIALIZED_AUTOS = YES_AGGRESSIVE;
				GCC_WARN_UNUSED_FUNCTION = YES;
				GCC_WARN_UNUSED_VARIABLE = YES;
				IPHONEOS_DEPLOYMENT_TARGET = 14.0;
				MTL_ENABLE_DEBUG_INFO = INCLUDE_SOURCE;
				MTL_FAST_MATH = YES;
				ONLY_ACTIVE_ARCH = YES;
				SDKROOT = iphoneos;
			};
			name = Debug;
		};
		AD3A83422516731F00566CAA /* Release */ = {
			isa = XCBuildConfiguration;
			buildSettings = {
				ALWAYS_SEARCH_USER_PATHS = NO;
				CLANG_ANALYZER_NONNULL = YES;
				CLANG_ANALYZER_NUMBER_OBJECT_CONVERSION = YES_AGGRESSIVE;
				CLANG_CXX_LANGUAGE_STANDARD = "gnu++14";
				CLANG_CXX_LIBRARY = "libc++";
				CLANG_ENABLE_MODULES = YES;
				CLANG_ENABLE_OBJC_ARC = YES;
				CLANG_ENABLE_OBJC_WEAK = YES;
				CLANG_WARN_BLOCK_CAPTURE_AUTORELEASING = YES;
				CLANG_WARN_BOOL_CONVERSION = YES;
				CLANG_WARN_COMMA = YES;
				CLANG_WARN_CONSTANT_CONVERSION = YES;
				CLANG_WARN_DEPRECATED_OBJC_IMPLEMENTATIONS = YES;
				CLANG_WARN_DIRECT_OBJC_ISA_USAGE = YES_ERROR;
				CLANG_WARN_DOCUMENTATION_COMMENTS = YES;
				CLANG_WARN_EMPTY_BODY = YES;
				CLANG_WARN_ENUM_CONVERSION = YES;
				CLANG_WARN_INFINITE_RECURSION = YES;
				CLANG_WARN_INT_CONVERSION = YES;
				CLANG_WARN_NON_LITERAL_NULL_CONVERSION = YES;
				CLANG_WARN_OBJC_IMPLICIT_RETAIN_SELF = YES;
				CLANG_WARN_OBJC_LITERAL_CONVERSION = YES;
				CLANG_WARN_OBJC_ROOT_CLASS = YES_ERROR;
				CLANG_WARN_QUOTED_INCLUDE_IN_FRAMEWORK_HEADER = YES;
				CLANG_WARN_RANGE_LOOP_ANALYSIS = YES;
				CLANG_WARN_STRICT_PROTOTYPES = YES;
				CLANG_WARN_SUSPICIOUS_MOVE = YES;
				CLANG_WARN_UNGUARDED_AVAILABILITY = YES_AGGRESSIVE;
				CLANG_WARN_UNREACHABLE_CODE = YES;
				CLANG_WARN__DUPLICATE_METHOD_MATCH = YES;
				COPY_PHASE_STRIP = NO;
				DEBUG_INFORMATION_FORMAT = "dwarf-with-dsym";
				ENABLE_NS_ASSERTIONS = NO;
				ENABLE_STRICT_OBJC_MSGSEND = YES;
				GCC_C_LANGUAGE_STANDARD = gnu11;
				GCC_NO_COMMON_BLOCKS = YES;
				GCC_WARN_64_TO_32_BIT_CONVERSION = YES;
				GCC_WARN_ABOUT_RETURN_TYPE = YES_ERROR;
				GCC_WARN_UNDECLARED_SELECTOR = YES;
				GCC_WARN_UNINITIALIZED_AUTOS = YES_AGGRESSIVE;
				GCC_WARN_UNUSED_FUNCTION = YES;
				GCC_WARN_UNUSED_VARIABLE = YES;
				IPHONEOS_DEPLOYMENT_TARGET = 14.0;
				MTL_ENABLE_DEBUG_INFO = NO;
				MTL_FAST_MATH = YES;
				SDKROOT = iphoneos;
				VALIDATE_PRODUCT = YES;
			};
			name = Release;
		};
		AD3A83442516731F00566CAA /* Debug */ = {
			isa = XCBuildConfiguration;
			buildSettings = {
				ASSETCATALOG_COMPILER_APPICON_NAME = AppIcon;
				ASSETCATALOG_COMPILER_GLOBAL_ACCENT_COLOR_NAME = AccentColor;
				CODE_SIGN_STYLE = Automatic;
				INFOPLIST_FILE = structcrashverify/Info.plist;
				LD_RUNPATH_SEARCH_PATHS = (
					"$(inherited)",
					"@executable_path/Frameworks",
				);
				PRODUCT_BUNDLE_IDENTIFIER = com.layne.structcrashverify;
				PRODUCT_NAME = "$(TARGET_NAME)";
				TARGETED_DEVICE_FAMILY = "1,2";
			};
			name = Debug;
		};
		AD3A83452516731F00566CAA /* Release */ = {
			isa = XCBuildConfiguration;
			buildSettings = {
				ASSETCATALOG_COMPILER_APPICON_NAME = AppIcon;
				ASSETCATALOG_COMPILER_GLOBAL_ACCENT_COLOR_NAME = AccentColor;
				CODE_SIGN_STYLE = Automatic;
				INFOPLIST_FILE = structcrashverify/Info.plist;
				LD_RUNPATH_SEARCH_PATHS = (
					"$(inherited)",
					"@executable_path/Frameworks",
				);
				PRODUCT_BUNDLE_IDENTIFIER = com.layne.structcrashverify;
				PRODUCT_NAME = "$(TARGET_NAME)";
				TARGETED_DEVICE_FAMILY = "1,2";
			};
			name = Release;
		};
/* End XCBuildConfiguration section */

/* Begin XCConfigurationList section */
		AD3A83252516731C00566CAA /* Build configuration list for PBXProject "structcrashverify" */ = {
			isa = XCConfigurationList;
			buildConfigurations = (
				AD3A83412516731F00566CAA /* Debug */,
				AD3A83422516731F00566CAA /* Release */,
			);
			defaultConfigurationIsVisible = 0;
			defaultConfigurationName = Release;
		};
		AD3A83432516731F00566CAA /* Build configuration list for PBXNativeTarget "structcrashverify" */ = {
			isa = XCConfigurationList;
			buildConfigurations = (
				AD3A83442516731F00566CAA /* Debug */,
				AD3A83452516731F00566CAA /* Release */,
			);
			defaultConfigurationIsVisible = 0;
			defaultConfigurationName = Release;
		};
/* End XCConfigurationList section */
	};
	rootObject = AD3A83222516731C00566CAA /* Project object */;
}
